
Microsoft Visual Studio Solution File, Format Version 12.00
# Visual Studio Version 16
VisualStudioVersion = 16.0.30204.135
MinimumVisualStudioVersion = 10.0.40219.1
Project("{FAE04EC0-301F-11D3-BF4B-00C04F79EFBC}") = "StudentSystem", "StudentSystem\StudentSystem.csproj", "{9562D269-7194-496D-BF02-6C0EE6891E97}"
EndProject
Global
	GlobalSection(SolutionConfigurationPlatforms) = preSolution
		Debug|Any CPU = Debug|Any CPU
		Release|Any CPU = Release|Any CPU
	EndGlobalSection
	GlobalSection(ProjectConfigurationPlatforms) = postSolution
		{9562D269-7194-496D-BF02-6C0EE6891E97}.Debug|Any CPU.ActiveCfg = Debug|Any CPU
		{9562D269-7194-496D-BF02-6C0EE6891E97}.Debug|Any CPU.Build.0 = Debug|Any CPU
		{9562D269-7194-496D-BF02-6C0EE6891E97}.Release|Any CPU.ActiveCfg = Release|Any CPU
		{9562D269-7194-496D-BF02-6C0EE6891E97}.Release|Any CPU.Build.0 = Release|Any CPU
	EndGlobalSection
	GlobalSection(SolutionProperties) = preSolution
		HideSolutionNode = FALSE
	EndGlobalSection
	GlobalSection(ExtensibilityGlobals) = postSolution
		SolutionGuid = {DBF48542-3BAC-44BC-8AEC-9A955B17AD79}
	EndGlobalSection
EndGlobal
