
Microsoft Visual Studio Solution File, Format Version 12.00
# Visual Studio Version 16
VisualStudioVersion = 16.0.30204.135
MinimumVisualStudioVersion = 10.0.40219.1
Project("{FAE04EC0-301F-11D3-BF4B-00C04F79EFBC}") = "StudentSystem.DataServiceLayer", "StudentSystem.DataServiceLayer\StudentSystem.DataServiceLayer.csproj", "{4FD84EED-E066-45FB-BAB5-C45A1EE7C00B}"
EndProject
Project("{FAE04EC0-301F-11D3-BF4B-00C04F79EFBC}") = "StudentSystem.ConsoleApplication", "StudentSystem.ConsoleApplication\StudentSystem.ConsoleApplication.csproj", "{9F7AF543-93A8-417E-90DC-81C2EAB9EBCA}"
EndProject
Global
	GlobalSection(SolutionConfigurationPlatforms) = preSolution
		Debug|Any CPU = Debug|Any CPU
		Release|Any CPU = Release|Any CPU
	EndGlobalSection
	GlobalSection(ProjectConfigurationPlatforms) = postSolution
		{4FD84EED-E066-45FB-BAB5-C45A1EE7C00B}.Debug|Any CPU.ActiveCfg = Debug|Any CPU
		{4FD84EED-E066-45FB-BAB5-C45A1EE7C00B}.Debug|Any CPU.Build.0 = Debug|Any CPU
		{4FD84EED-E066-45FB-BAB5-C45A1EE7C00B}.Release|Any CPU.ActiveCfg = Release|Any CPU
		{4FD84EED-E066-45FB-BAB5-C45A1EE7C00B}.Release|Any CPU.Build.0 = Release|Any CPU
		{9F7AF543-93A8-417E-90DC-81C2EAB9EBCA}.Debug|Any CPU.ActiveCfg = Debug|Any CPU
		{9F7AF543-93A8-417E-90DC-81C2EAB9EBCA}.Debug|Any CPU.Build.0 = Debug|Any CPU
		{9F7AF543-93A8-417E-90DC-81C2EAB9EBCA}.Release|Any CPU.ActiveCfg = Release|Any CPU
		{9F7AF543-93A8-417E-90DC-81C2EAB9EBCA}.Release|Any CPU.Build.0 = Release|Any CPU
	EndGlobalSection
	GlobalSection(SolutionProperties) = preSolution
		HideSolutionNode = FALSE
	EndGlobalSection
	GlobalSection(ExtensibilityGlobals) = postSolution
		SolutionGuid = {DBF48542-3BAC-44BC-8AEC-9A955B17AD79}
	EndGlobalSection
EndGlobal
